
Microsoft Visual Studio Solution File, Format Version 12.00
# Visual Studio 15
VisualStudioVersion = 15.0.26430.6
MinimumVisualStudioVersion = 10.0.40219.1
Project("{FAE04EC0-301F-11D3-BF4B-00C04F79EFBC}") = "CertifyingCommissionDal", "CertifyingCommissionDal\CertifyingCommissionDal.csproj", "{913D1CBD-F217-494D-8CF2-ED95F2565975}"
EndProject
Project("{2150E333-8FDC-42A3-9474-1A3956D46DE8}") = "DAL", "DAL", "{D281616B-01E4-4E39-984C-4F39FC422987}"
EndProject
Project("{2150E333-8FDC-42A3-9474-1A3956D46DE8}") = "BLL", "BLL", "{67D81601-3637-4EFA-B73A-3DB47C0ED1D5}"
EndProject
Project("{2150E333-8FDC-42A3-9474-1A3956D46DE8}") = "PL", "PL", "{F0B1B5A5-B720-4BF8-A743-7A02A693F14C}"
EndProject
Project("{2150E333-8FDC-42A3-9474-1A3956D46DE8}") = "Entities", "Entities", "{6877952A-70BF-4742-B595-070AE747DBB6}"
EndProject
Project("{FAE04EC0-301F-11D3-BF4B-00C04F79EFBC}") = "CertifyingCommissionEntities", "CertifyingCommissionEntities\CertifyingCommissionEntities.csproj", "{824BD755-84BF-41D3-8EF3-7B4B60EF66C9}"
EndProject
Project("{FAE04EC0-301F-11D3-BF4B-00C04F79EFBC}") = "CertifyingCommisionBl", "CertifyingCommisionBl\CertifyingCommisionBl.csproj", "{34C1E31A-6FBA-49EC-B204-D63244EEFCAA}"
EndProject
Project("{FAE04EC0-301F-11D3-BF4B-00C04F79EFBC}") = "CertifyingCommissionBlTests", "CertifyingCommissionBlTest\CertifyingCommissionBlTests.csproj", "{6706981C-3D76-42AD-A2A4-BDB769D116FE}"
EndProject
Global
	GlobalSection(SolutionConfigurationPlatforms) = preSolution
		Debug|Any CPU = Debug|Any CPU
		Release|Any CPU = Release|Any CPU
	EndGlobalSection
	GlobalSection(ProjectConfigurationPlatforms) = postSolution
		{913D1CBD-F217-494D-8CF2-ED95F2565975}.Debug|Any CPU.ActiveCfg = Debug|Any CPU
		{913D1CBD-F217-494D-8CF2-ED95F2565975}.Debug|Any CPU.Build.0 = Debug|Any CPU
		{913D1CBD-F217-494D-8CF2-ED95F2565975}.Release|Any CPU.ActiveCfg = Release|Any CPU
		{913D1CBD-F217-494D-8CF2-ED95F2565975}.Release|Any CPU.Build.0 = Release|Any CPU
		{824BD755-84BF-41D3-8EF3-7B4B60EF66C9}.Debug|Any CPU.ActiveCfg = Debug|Any CPU
		{824BD755-84BF-41D3-8EF3-7B4B60EF66C9}.Debug|Any CPU.Build.0 = Debug|Any CPU
		{824BD755-84BF-41D3-8EF3-7B4B60EF66C9}.Release|Any CPU.ActiveCfg = Release|Any CPU
		{824BD755-84BF-41D3-8EF3-7B4B60EF66C9}.Release|Any CPU.Build.0 = Release|Any CPU
		{34C1E31A-6FBA-49EC-B204-D63244EEFCAA}.Debug|Any CPU.ActiveCfg = Debug|Any CPU
		{34C1E31A-6FBA-49EC-B204-D63244EEFCAA}.Debug|Any CPU.Build.0 = Debug|Any CPU
		{34C1E31A-6FBA-49EC-B204-D63244EEFCAA}.Release|Any CPU.ActiveCfg = Release|Any CPU
		{34C1E31A-6FBA-49EC-B204-D63244EEFCAA}.Release|Any CPU.Build.0 = Release|Any CPU
		{6706981C-3D76-42AD-A2A4-BDB769D116FE}.Debug|Any CPU.ActiveCfg = Debug|Any CPU
		{6706981C-3D76-42AD-A2A4-BDB769D116FE}.Debug|Any CPU.Build.0 = Debug|Any CPU
		{6706981C-3D76-42AD-A2A4-BDB769D116FE}.Release|Any CPU.ActiveCfg = Release|Any CPU
		{6706981C-3D76-42AD-A2A4-BDB769D116FE}.Release|Any CPU.Build.0 = Release|Any CPU
	EndGlobalSection
	GlobalSection(SolutionProperties) = preSolution
		HideSolutionNode = FALSE
	EndGlobalSection
	GlobalSection(NestedProjects) = preSolution
		{913D1CBD-F217-494D-8CF2-ED95F2565975} = {D281616B-01E4-4E39-984C-4F39FC422987}
		{824BD755-84BF-41D3-8EF3-7B4B60EF66C9} = {6877952A-70BF-4742-B595-070AE747DBB6}
		{34C1E31A-6FBA-49EC-B204-D63244EEFCAA} = {67D81601-3637-4EFA-B73A-3DB47C0ED1D5}
		{6706981C-3D76-42AD-A2A4-BDB769D116FE} = {67D81601-3637-4EFA-B73A-3DB47C0ED1D5}
	EndGlobalSection
EndGlobal
